
Microsoft Visual Studio Solution File, Format Version 12.00
# Visual Studio Version 17
VisualStudioVersion = 17.0.31912.275
MinimumVisualStudioVersion = 10.0.40219.1
Project("{FAE04EC0-301F-11D3-BF4B-00C04F79EFBC}") = "Dictionary", "Dictionary\Dictionary.csproj", "{09EECEFF-D4A4-428D-99E5-A2DF2AF1398B}"
EndProject
Global
	GlobalSection(SolutionConfigurationPlatforms) = preSolution
		Debug|Any CPU = Debug|Any CPU
		Release|Any CPU = Release|Any CPU
	EndGlobalSection
	GlobalSection(ProjectConfigurationPlatforms) = postSolution
		{09EECEFF-D4A4-428D-99E5-A2DF2AF1398B}.Debug|Any CPU.ActiveCfg = Debug|Any CPU
		{09EECEFF-D4A4-428D-99E5-A2DF2AF1398B}.Debug|Any CPU.Build.0 = Debug|Any CPU
		{09EECEFF-D4A4-428D-99E5-A2DF2AF1398B}.Release|Any CPU.ActiveCfg = Release|Any CPU
		{09EECEFF-D4A4-428D-99E5-A2DF2AF1398B}.Release|Any CPU.Build.0 = Release|Any CPU
	EndGlobalSection
	GlobalSection(SolutionProperties) = preSolution
		HideSolutionNode = FALSE
	EndGlobalSection
	GlobalSection(ExtensibilityGlobals) = postSolution
		SolutionGuid = {E6445A7B-9087-4783-A47A-AEAE3FF3E499}
	EndGlobalSection
EndGlobal
